
Microsoft Visual Studio Solution File, Format Version 12.00
# Visual Studio Version 17
VisualStudioVersion = 17.8.34330.188
MinimumVisualStudioVersion = 10.0.40219.1
Project("{8BC9CEB8-8B4A-11D0-8D11-00A0C91BC942}") = "kurs", "kurs\kurs.vcxproj", "{38C7FD01-A418-451E-97EB-359DF4C3CE99}"
EndProject
Project("{8BC9CEB8-8B4A-11D0-8D11-00A0C91BC942}") = "UnitTest1", "UnitTest1\UnitTest1.vcxproj", "{F1721348-A44A-4717-9C25-6F45D4C2314C}"
EndProject
Global
	GlobalSection(SolutionConfigurationPlatforms) = preSolution
		Debug|x64 = Debug|x64
		Debug|x86 = Debug|x86
		Release|x64 = Release|x64
		Release|x86 = Release|x86
	EndGlobalSection
	GlobalSection(ProjectConfigurationPlatforms) = postSolution
		{38C7FD01-A418-451E-97EB-359DF4C3CE99}.Debug|x64.ActiveCfg = Debug|x64
		{38C7FD01-A418-451E-97EB-359DF4C3CE99}.Debug|x64.Build.0 = Debug|x64
		{38C7FD01-A418-451E-97EB-359DF4C3CE99}.Debug|x86.ActiveCfg = Debug|Win32
		{38C7FD01-A418-451E-97EB-359DF4C3CE99}.Debug|x86.Build.0 = Debug|Win32
		{38C7FD01-A418-451E-97EB-359DF4C3CE99}.Release|x64.ActiveCfg = Release|x64
		{38C7FD01-A418-451E-97EB-359DF4C3CE99}.Release|x64.Build.0 = Release|x64
		{38C7FD01-A418-451E-97EB-359DF4C3CE99}.Release|x86.ActiveCfg = Release|Win32
		{38C7FD01-A418-451E-97EB-359DF4C3CE99}.Release|x86.Build.0 = Release|Win32
		{F1721348-A44A-4717-9C25-6F45D4C2314C}.Debug|x64.ActiveCfg = Debug|x64
		{F1721348-A44A-4717-9C25-6F45D4C2314C}.Debug|x64.Build.0 = Debug|x64
		{F1721348-A44A-4717-9C25-6F45D4C2314C}.Debug|x86.ActiveCfg = Debug|Win32
		{F1721348-A44A-4717-9C25-6F45D4C2314C}.Debug|x86.Build.0 = Debug|Win32
		{F1721348-A44A-4717-9C25-6F45D4C2314C}.Release|x64.ActiveCfg = Release|x64
		{F1721348-A44A-4717-9C25-6F45D4C2314C}.Release|x64.Build.0 = Release|x64
		{F1721348-A44A-4717-9C25-6F45D4C2314C}.Release|x86.ActiveCfg = Release|Win32
		{F1721348-A44A-4717-9C25-6F45D4C2314C}.Release|x86.Build.0 = Release|Win32
	EndGlobalSection
	GlobalSection(SolutionProperties) = preSolution
		HideSolutionNode = FALSE
	EndGlobalSection
	GlobalSection(ExtensibilityGlobals) = postSolution
		SolutionGuid = {8C5C2E6F-3407-41A6-909A-A31257B276E9}
	EndGlobalSection
EndGlobal
